
Microsoft Visual Studio Solution File, Format Version 12.00
# Visual Studio Version 17
VisualStudioVersion = 17.4.33122.133
MinimumVisualStudioVersion = 10.0.40219.1
Project("{8BC9CEB8-8B4A-11D0-8D11-00A0C91BC942}") = "Volet_APP", "Volet_APP\Volet_APP.vcxproj", "{0BF03CE5-5892-428E-B5EF-FBB9D35916FE}"
EndProject
Global
	GlobalSection(SolutionConfigurationPlatforms) = preSolution
		Debug|ARM = Debug|ARM
		Debug|ARM64 = Debug|ARM64
		Release|ARM = Release|ARM
		Release|ARM64 = Release|ARM64
	EndGlobalSection
	GlobalSection(ProjectConfigurationPlatforms) = postSolution
		{0BF03CE5-5892-428E-B5EF-FBB9D35916FE}.Debug|ARM.ActiveCfg = Debug|ARM
		{0BF03CE5-5892-428E-B5EF-FBB9D35916FE}.Debug|ARM.Build.0 = Debug|ARM
		{0BF03CE5-5892-428E-B5EF-FBB9D35916FE}.Debug|ARM.Deploy.0 = Debug|ARM
		{0BF03CE5-5892-428E-B5EF-FBB9D35916FE}.Debug|ARM64.ActiveCfg = Debug|ARM64
		{0BF03CE5-5892-428E-B5EF-FBB9D35916FE}.Debug|ARM64.Build.0 = Debug|ARM64
		{0BF03CE5-5892-428E-B5EF-FBB9D35916FE}.Debug|ARM64.Deploy.0 = Debug|ARM64
		{0BF03CE5-5892-428E-B5EF-FBB9D35916FE}.Release|ARM.ActiveCfg = Release|ARM
		{0BF03CE5-5892-428E-B5EF-FBB9D35916FE}.Release|ARM.Build.0 = Release|ARM
		{0BF03CE5-5892-428E-B5EF-FBB9D35916FE}.Release|ARM.Deploy.0 = Release|ARM
		{0BF03CE5-5892-428E-B5EF-FBB9D35916FE}.Release|ARM64.ActiveCfg = Release|ARM64
		{0BF03CE5-5892-428E-B5EF-FBB9D35916FE}.Release|ARM64.Build.0 = Release|ARM64
		{0BF03CE5-5892-428E-B5EF-FBB9D35916FE}.Release|ARM64.Deploy.0 = Release|ARM64
	EndGlobalSection
	GlobalSection(SolutionProperties) = preSolution
		HideSolutionNode = FALSE
	EndGlobalSection
	GlobalSection(ExtensibilityGlobals) = postSolution
		SolutionGuid = {3ACB8CE8-D171-4183-A463-0E8CC9A316C5}
	EndGlobalSection
EndGlobal
